{
  "name": "canpolat-nakliyat",
  "version": "1.0.0",
  "lockfileVersion": 3,
  "requires": true,
  "packages": {
    "": {
      "name": "canpolat-nakliyat",
      "version": "1.0.0",
      "devDependencies": {
        "basic-ftp": "6.2.0"
      }
    },
    "node_modules/basic-ftp": {
      "version": "6.2.0",
      "resolved": "https://registry.npmjs.org/basic-ftp/-/basic-ftp-6.2.0.tgz",
      "integrity": "sha512-H8eLjhoYPbOI717FLP8fGE7XInkMI7Ucj/ft0fp1avABtSiV5Bb2kYzScnOqlvJZs/KJZypr9Mp5zJmhaPFAEg==",
      "dev": true,
      "license": "MIT",
      "engines": {
        "node": ">=10.0.0"
      }
    }
  }
}
